// !$*UTF8*$!
{
	archiveVersion = 1;
	classes = {
	};
	objectVersion = 50;
	objects = {

/* Begin PBXBuildFile section */
		A91D5E9F269A0E370036AF85 /* FlowersViewController.swift in Sources */ = {isa = PBXBuildFile; fileRef = A91D5E9E269A0E370036AF85 /* FlowersViewController.swift */; };
		A91D5EA1269A10020036AF85 /* FlowersModel.swift in Sources */ = {isa = PBXBuildFile; fileRef = A91D5EA0269A10020036AF85 /* FlowersModel.swift */; };
		A91D5EA3269A22A40036AF85 /* ParseData.swift in Sources */ = {isa = PBXBuildFile; fileRef = A91D5EA2269A22A40036AF85 /* ParseData.swift */; };
		A91D5EA6269A58430036AF85 /* CustomViewCell.swift in Sources */ = {isa = PBXBuildFile; fileRef = A91D5EA4269A58430036AF85 /* CustomViewCell.swift */; };
		A91D5EA7269A58430036AF85 /* CustomViewCell.xib in Resources */ = {isa = PBXBuildFile; fileRef = A91D5EA5269A58430036AF85 /* CustomViewCell.xib */; };
		A9414D8A2699B7F3005898A6 /* AppDelegate.swift in Sources */ = {isa = PBXBuildFile; fileRef = A9414D892699B7F3005898A6 /* AppDelegate.swift */; };
		A9414D8C2699B7F3005898A6 /* SceneDelegate.swift in Sources */ = {isa = PBXBuildFile; fileRef = A9414D8B2699B7F3005898A6 /* SceneDelegate.swift */; };
		A9414D912699B7F3005898A6 /* Main.storyboard in Resources */ = {isa = PBXBuildFile; fileRef = A9414D8F2699B7F3005898A6 /* Main.storyboard */; };
		A9414D932699B7F4005898A6 /* Assets.xcassets in Resources */ = {isa = PBXBuildFile; fileRef = A9414D922699B7F4005898A6 /* Assets.xcassets */; };
		A9414D962699B7F4005898A6 /* LaunchScreen.storyboard in Resources */ = {isa = PBXBuildFile; fileRef = A9414D942699B7F4005898A6 /* LaunchScreen.storyboard */; };
		A9BA2B80269A5F6100A38CC8 /* DetailsViewController.swift in Sources */ = {isa = PBXBuildFile; fileRef = A9BA2B7F269A5F6100A38CC8 /* DetailsViewController.swift */; };
/* End PBXBuildFile section */

/* Begin PBXFileReference section */
		A91D5E9E269A0E370036AF85 /* FlowersViewController.swift */ = {isa = PBXFileReference; lastKnownFileType = sourcecode.swift; path = FlowersViewController.swift; sourceTree = "<group>"; };
		A91D5EA0269A10020036AF85 /* FlowersModel.swift */ = {isa = PBXFileReference; lastKnownFileType = sourcecode.swift; path = FlowersModel.swift; sourceTree = "<group>"; };
		A91D5EA2269A22A40036AF85 /* ParseData.swift */ = {isa = PBXFileReference; lastKnownFileType = sourcecode.swift; path = ParseData.swift; sourceTree = "<group>"; };
		A91D5EA4269A58430036AF85 /* CustomViewCell.swift */ = {isa = PBXFileReference; lastKnownFileType = sourcecode.swift; path = CustomViewCell.swift; sourceTree = "<group>"; };
		A91D5EA5269A58430036AF85 /* CustomViewCell.xib */ = {isa = PBXFileReference; lastKnownFileType = file.xib; path = CustomViewCell.xib; sourceTree = "<group>"; };
		A9414D862699B7F3005898A6 /* Flower Power.app */ = {isa = PBXFileReference; explicitFileType = wrapper.application; includeInIndex = 0; path = "Flower Power.app"; sourceTree = BUILT_PRODUCTS_DIR; };
		A9414D892699B7F3005898A6 /* AppDelegate.swift */ = {isa = PBXFileReference; lastKnownFileType = sourcecode.swift; path = AppDelegate.swift; sourceTree = "<group>"; };
		A9414D8B2699B7F3005898A6 /* SceneDelegate.swift */ = {isa = PBXFileReference; lastKnownFileType = sourcecode.swift; path = SceneDelegate.swift; sourceTree = "<group>"; };
		A9414D902699B7F3005898A6 /* Base */ = {isa = PBXFileReference; lastKnownFileType = file.storyboard; name = Base; path = Base.lproj/Main.storyboard; sourceTree = "<group>"; };
		A9414D922699B7F4005898A6 /* Assets.xcassets */ = {isa = PBXFileReference; lastKnownFileType = folder.assetcatalog; path = Assets.xcassets; sourceTree = "<group>"; };
		A9414D952699B7F4005898A6 /* Base */ = {isa = PBXFileReference; lastKnownFileType = file.storyboard; name = Base; path = Base.lproj/LaunchScreen.storyboard; sourceTree = "<group>"; };
		A9414D972699B7F4005898A6 /* Info.plist */ = {isa = PBXFileReference; lastKnownFileType = text.plist.xml; path = Info.plist; sourceTree = "<group>"; };
		A9BA2B7F269A5F6100A38CC8 /* DetailsViewController.swift */ = {isa = PBXFileReference; lastKnownFileType = sourcecode.swift; path = DetailsViewController.swift; sourceTree = "<group>"; };
/* End PBXFileReference section */

/* Begin PBXFrameworksBuildPhase section */
		A9414D832699B7F3005898A6 /* Frameworks */ = {
			isa = PBXFrameworksBuildPhase;
			buildActionMask = 2147483647;
			files = (
			);
			runOnlyForDeploymentPostprocessing = 0;
		};
/* End PBXFrameworksBuildPhase section */

/* Begin PBXGroup section */
		A91D5E9B269A0DB30036AF85 /* Model */ = {
			isa = PBXGroup;
			children = (
				A91D5EA0269A10020036AF85 /* FlowersModel.swift */,
			);
			path = Model;
			sourceTree = "<group>";
		};
		A91D5E9C269A0DBD0036AF85 /* View Model */ = {
			isa = PBXGroup;
			children = (
				A91D5EA2269A22A40036AF85 /* ParseData.swift */,
			);
			path = "View Model";
			sourceTree = "<group>";
		};
		A91D5E9D269A0DC80036AF85 /* View */ = {
			isa = PBXGroup;
			children = (
				A9414D942699B7F4005898A6 /* LaunchScreen.storyboard */,
				A9414D8F2699B7F3005898A6 /* Main.storyboard */,
				A91D5EA5269A58430036AF85 /* CustomViewCell.xib */,
			);
			path = View;
			sourceTree = "<group>";
		};
		A9414D7D2699B7F3005898A6 = {
			isa = PBXGroup;
			children = (
				A9414D882699B7F3005898A6 /* Flower Power */,
				A9414D872699B7F3005898A6 /* Products */,
			);
			sourceTree = "<group>";
		};
		A9414D872699B7F3005898A6 /* Products */ = {
			isa = PBXGroup;
			children = (
				A9414D862699B7F3005898A6 /* Flower Power.app */,
			);
			name = Products;
			sourceTree = "<group>";
		};
		A9414D882699B7F3005898A6 /* Flower Power */ = {
			isa = PBXGroup;
			children = (
				A91D5E9D269A0DC80036AF85 /* View */,
				A91D5E9C269A0DBD0036AF85 /* View Model */,
				A91D5E9B269A0DB30036AF85 /* Model */,
				A9BA2B7F269A5F6100A38CC8 /* DetailsViewController.swift */,
				A91D5E9E269A0E370036AF85 /* FlowersViewController.swift */,
				A91D5EA4269A58430036AF85 /* CustomViewCell.swift */,
				A9414D892699B7F3005898A6 /* AppDelegate.swift */,
				A9414D8B2699B7F3005898A6 /* SceneDelegate.swift */,
				A9414D922699B7F4005898A6 /* Assets.xcassets */,
				A9414D972699B7F4005898A6 /* Info.plist */,
			);
			path = "Flower Power";
			sourceTree = "<group>";
		};
/* End PBXGroup section */

/* Begin PBXNativeTarget section */
		A9414D852699B7F3005898A6 /* Flower Power */ = {
			isa = PBXNativeTarget;
			buildConfigurationList = A9414D9A2699B7F4005898A6 /* Build configuration list for PBXNativeTarget "Flower Power" */;
			buildPhases = (
				A9414D822699B7F3005898A6 /* Sources */,
				A9414D832699B7F3005898A6 /* Frameworks */,
				A9414D842699B7F3005898A6 /* Resources */,
			);
			buildRules = (
			);
			dependencies = (
			);
			name = "Flower Power";
			productName = "Flower Power";
			productReference = A9414D862699B7F3005898A6 /* Flower Power.app */;
			productType = "com.apple.product-type.application";
		};
/* End PBXNativeTarget section */

/* Begin PBXProject section */
		A9414D7E2699B7F3005898A6 /* Project object */ = {
			isa = PBXProject;
			attributes = {
				LastSwiftUpdateCheck = 1250;
				LastUpgradeCheck = 1250;
				TargetAttributes = {
					A9414D852699B7F3005898A6 = {
						CreatedOnToolsVersion = 12.5.1;
					};
				};
			};
			buildConfigurationList = A9414D812699B7F3005898A6 /* Build configuration list for PBXProject "Flower Power" */;
			compatibilityVersion = "Xcode 9.3";
			developmentRegion = en;
			hasScannedForEncodings = 0;
			knownRegions = (
				en,
				Base,
			);
			mainGroup = A9414D7D2699B7F3005898A6;
			productRefGroup = A9414D872699B7F3005898A6 /* Products */;
			projectDirPath = "";
			projectRoot = "";
			targets = (
				A9414D852699B7F3005898A6 /* Flower Power */,
			);
		};
/* End PBXProject section */

/* Begin PBXResourcesBuildPhase section */
		A9414D842699B7F3005898A6 /* Resources */ = {
			isa = PBXResourcesBuildPhase;
			buildActionMask = 2147483647;
			files = (
				A9414D962699B7F4005898A6 /* LaunchScreen.storyboard in Resources */,
				A91D5EA7269A58430036AF85 /* CustomViewCell.xib in Resources */,
				A9414D932699B7F4005898A6 /* Assets.xcassets in Resources */,
				A9414D912699B7F3005898A6 /* Main.storyboard in Resources */,
			);
			runOnlyForDeploymentPostprocessing = 0;
		};
/* End PBXResourcesBuildPhase section */

/* Begin PBXSourcesBuildPhase section */
		A9414D822699B7F3005898A6 /* Sources */ = {
			isa = PBXSourcesBuildPhase;
			buildActionMask = 2147483647;
			files = (
				A91D5EA1269A10020036AF85 /* FlowersModel.swift in Sources */,
				A91D5EA6269A58430036AF85 /* CustomViewCell.swift in Sources */,
				A9414D8A2699B7F3005898A6 /* AppDelegate.swift in Sources */,
				A9414D8C2699B7F3005898A6 /* SceneDelegate.swift in Sources */,
				A9BA2B80269A5F6100A38CC8 /* DetailsViewController.swift in Sources */,
				A91D5EA3269A22A40036AF85 /* ParseData.swift in Sources */,
				A91D5E9F269A0E370036AF85 /* FlowersViewController.swift in Sources */,
			);
			runOnlyForDeploymentPostprocessing = 0;
		};
/* End PBXSourcesBuildPhase section */

/* Begin PBXVariantGroup section */
		A9414D8F2699B7F3005898A6 /* Main.storyboard */ = {
			isa = PBXVariantGroup;
			children = (
				A9414D902699B7F3005898A6 /* Base */,
			);
			name = Main.storyboard;
			sourceTree = "<group>";
		};
		A9414D942699B7F4005898A6 /* LaunchScreen.storyboard */ = {
			isa = PBXVariantGroup;
			children = (
				A9414D952699B7F4005898A6 /* Base */,
			);
			name = LaunchScreen.storyboard;
			sourceTree = "<group>";
		};
/* End PBXVariantGroup section */

/* Begin XCBuildConfiguration section */
		A9414D982699B7F4005898A6 /* Debug */ = {
			isa = XCBuildConfiguration;
			buildSettings = {
				ALWAYS_SEARCH_USER_PATHS = NO;
				CLANG_ANALYZER_NONNULL = YES;
				CLANG_ANALYZER_NUMBER_OBJECT_CONVERSION = YES_AGGRESSIVE;
				CLANG_CXX_LANGUAGE_STANDARD = "gnu++14";
				CLANG_CXX_LIBRARY = "libc++";
				CLANG_ENABLE_MODULES = YES;
				CLANG_ENABLE_OBJC_ARC = YES;
				CLANG_ENABLE_OBJC_WEAK = YES;
				CLANG_WARN_BLOCK_CAPTURE_AUTORELEASING = YES;
				CLANG_WARN_BOOL_CONVERSION = YES;
				CLANG_WARN_COMMA = YES;
				CLANG_WARN_CONSTANT_CONVERSION = YES;
				CLANG_WARN_DEPRECATED_OBJC_IMPLEMENTATIONS = YES;
				CLANG_WARN_DIRECT_OBJC_ISA_USAGE = YES_ERROR;
				CLANG_WARN_DOCUMENTATION_COMMENTS = YES;
				CLANG_WARN_EMPTY_BODY = YES;
				CLANG_WARN_ENUM_CONVERSION = YES;
				CLANG_WARN_INFINITE_RECURSION = YES;
				CLANG_WARN_INT_CONVERSION = YES;
				CLANG_WARN_NON_LITERAL_NULL_CONVERSION = YES;
				CLANG_WARN_OBJC_IMPLICIT_RETAIN_SELF = YES;
				CLANG_WARN_OBJC_LITERAL_CONVERSION = YES;
				CLANG_WARN_OBJC_ROOT_CLASS = YES_ERROR;
				CLANG_WARN_QUOTED_INCLUDE_IN_FRAMEWORK_HEADER = YES;
				CLANG_WARN_RANGE_LOOP_ANALYSIS = YES;
				CLANG_WARN_STRICT_PROTOTYPES = YES;
				CLANG_WARN_SUSPICIOUS_MOVE = YES;
				CLANG_WARN_UNGUARDED_AVAILABILITY = YES_AGGRESSIVE;
				CLANG_WARN_UNREACHABLE_CODE = YES;
				CLANG_WARN__DUPLICATE_METHOD_MATCH = YES;
				COPY_PHASE_STRIP = NO;
				DEBUG_INFORMATION_FORMAT = dwarf;
				ENABLE_STRICT_OBJC_MSGSEND = YES;
				ENABLE_TESTABILITY = YES;
				GCC_C_LANGUAGE_STANDARD = gnu11;
				GCC_DYNAMIC_NO_PIC = NO;
				GCC_NO_COMMON_BLOCKS = YES;
				GCC_OPTIMIZATION_LEVEL = 0;
				GCC_PREPROCESSOR_DEFINITIONS = (
					"DEBUG=1",
					"$(inherited)",
				);
				GCC_WARN_64_TO_32_BIT_CONVERSION = YES;
				GCC_WARN_ABOUT_RETURN_TYPE = YES_ERROR;
				GCC_WARN_UNDECLARED_SELECTOR = YES;
				GCC_WARN_UNINITIALIZED_AUTOS = YES_AGGRESSIVE;
				GCC_WARN_UNUSED_FUNCTION = YES;
				GCC_WARN_UNUSED_VARIABLE = YES;
				IPHONEOS_DEPLOYMENT_TARGET = 14.5;
				MTL_ENABLE_DEBUG_INFO = INCLUDE_SOURCE;
				MTL_FAST_MATH = YES;
				ONLY_ACTIVE_ARCH = YES;
				SDKROOT = iphoneos;
				SWIFT_ACTIVE_COMPILATION_CONDITIONS = DEBUG;
				SWIFT_OPTIMIZATION_LEVEL = "-Onone";
			};
			name = Debug;
		};
		A9414D992699B7F4005898A6 /* Release */ = {
			isa = XCBuildConfiguration;
			buildSettings = {
				ALWAYS_SEARCH_USER_PATHS = NO;
				CLANG_ANALYZER_NONNULL = YES;
				CLANG_ANALYZER_NUMBER_OBJECT_CONVERSION = YES_AGGRESSIVE;
				CLANG_CXX_LANGUAGE_STANDARD = "gnu++14";
				CLANG_CXX_LIBRARY = "libc++";
				CLANG_ENABLE_MODULES = YES;
				CLANG_ENABLE_OBJC_ARC = YES;
				CLANG_ENABLE_OBJC_WEAK = YES;
				CLANG_WARN_BLOCK_CAPTURE_AUTORELEASING = YES;
				CLANG_WARN_BOOL_CONVERSION = YES;
				CLANG_WARN_COMMA = YES;
				CLANG_WARN_CONSTANT_CONVERSION = YES;
				CLANG_WARN_DEPRECATED_OBJC_IMPLEMENTATIONS = YES;
				CLANG_WARN_DIRECT_OBJC_ISA_USAGE = YES_ERROR;
				CLANG_WARN_DOCUMENTATION_COMMENTS = YES;
				CLANG_WARN_EMPTY_BODY = YES;
				CLANG_WARN_ENUM_CONVERSION = YES;
				CLANG_WARN_INFINITE_RECURSION = YES;
				CLANG_WARN_INT_CONVERSION = YES;
				CLANG_WARN_NON_LITERAL_NULL_CONVERSION = YES;
				CLANG_WARN_OBJC_IMPLICIT_RETAIN_SELF = YES;
				CLANG_WARN_OBJC_LITERAL_CONVERSION = YES;
				CLANG_WARN_OBJC_ROOT_CLASS = YES_ERROR;
				CLANG_WARN_QUOTED_INCLUDE_IN_FRAMEWORK_HEADER = YES;
				CLANG_WARN_RANGE_LOOP_ANALYSIS = YES;
				CLANG_WARN_STRICT_PROTOTYPES = YES;
				CLANG_WARN_SUSPICIOUS_MOVE = YES;
				CLANG_WARN_UNGUARDED_AVAILABILITY = YES_AGGRESSIVE;
				CLANG_WARN_UNREACHABLE_CODE = YES;
				CLANG_WARN__DUPLICATE_METHOD_MATCH = YES;
				COPY_PHASE_STRIP = NO;
				DEBUG_INFORMATION_FORMAT = "dwarf-with-dsym";
				ENABLE_NS_ASSERTIONS = NO;
				ENABLE_STRICT_OBJC_MSGSEND = YES;
				GCC_C_LANGUAGE_STANDARD = gnu11;
				GCC_NO_COMMON_BLOCKS = YES;
				GCC_WARN_64_TO_32_BIT_CONVERSION = YES;
				GCC_WARN_ABOUT_RETURN_TYPE = YES_ERROR;
				GCC_WARN_UNDECLARED_SELECTOR = YES;
				GCC_WARN_UNINITIALIZED_AUTOS = YES_AGGRESSIVE;
				GCC_WARN_UNUSED_FUNCTION = YES;
				GCC_WARN_UNUSED_VARIABLE = YES;
				IPHONEOS_DEPLOYMENT_TARGET = 14.5;
				MTL_ENABLE_DEBUG_INFO = NO;
				MTL_FAST_MATH = YES;
				SDKROOT = iphoneos;
				SWIFT_COMPILATION_MODE = wholemodule;
				SWIFT_OPTIMIZATION_LEVEL = "-O";
				VALIDATE_PRODUCT = YES;
			};
			name = Release;
		};
		A9414D9B2699B7F4005898A6 /* Debug */ = {
			isa = XCBuildConfiguration;
			buildSettings = {
				ASSETCATALOG_COMPILER_APPICON_NAME = AppIcon;
				ASSETCATALOG_COMPILER_GLOBAL_ACCENT_COLOR_NAME = AccentColor;
				CODE_SIGN_STYLE = Automatic;
				DEVELOPMENT_TEAM = ZPMFV7S2V7;
				INFOPLIST_FILE = "Flower Power/Info.plist";
				LD_RUNPATH_SEARCH_PATHS = (
					"$(inherited)",
					"@executable_path/Frameworks",
				);
				PRODUCT_BUNDLE_IDENTIFIER = "BeucaAlexandru.Flower-Power";
				PRODUCT_NAME = "$(TARGET_NAME)";
				SWIFT_VERSION = 5.0;
				TARGETED_DEVICE_FAMILY = "1,2";
			};
			name = Debug;
		};
		A9414D9C2699B7F4005898A6 /* Release */ = {
			isa = XCBuildConfiguration;
			buildSettings = {
				ASSETCATALOG_COMPILER_APPICON_NAME = AppIcon;
				ASSETCATALOG_COMPILER_GLOBAL_ACCENT_COLOR_NAME = AccentColor;
				CODE_SIGN_STYLE = Automatic;
				DEVELOPMENT_TEAM = ZPMFV7S2V7;
				INFOPLIST_FILE = "Flower Power/Info.plist";
				LD_RUNPATH_SEARCH_PATHS = (
					"$(inherited)",
					"@executable_path/Frameworks",
				);
				PRODUCT_BUNDLE_IDENTIFIER = "BeucaAlexandru.Flower-Power";
				PRODUCT_NAME = "$(TARGET_NAME)";
				SWIFT_VERSION = 5.0;
				TARGETED_DEVICE_FAMILY = "1,2";
			};
			name = Release;
		};
/* End XCBuildConfiguration section */

/* Begin XCConfigurationList section */
		A9414D812699B7F3005898A6 /* Build configuration list for PBXProject "Flower Power" */ = {
			isa = XCConfigurationList;
			buildConfigurations = (
				A9414D982699B7F4005898A6 /* Debug */,
				A9414D992699B7F4005898A6 /* Release */,
			);
			defaultConfigurationIsVisible = 0;
			defaultConfigurationName = Release;
		};
		A9414D9A2699B7F4005898A6 /* Build configuration list for PBXNativeTarget "Flower Power" */ = {
			isa = XCConfigurationList;
			buildConfigurations = (
				A9414D9B2699B7F4005898A6 /* Debug */,
				A9414D9C2699B7F4005898A6 /* Release */,
			);
			defaultConfigurationIsVisible = 0;
			defaultConfigurationName = Release;
		};
/* End XCConfigurationList section */
	};
	rootObject = A9414D7E2699B7F3005898A6 /* Project object */;
}
